
Microsoft Visual Studio Solution File, Format Version 12.00
# Visual Studio Version 17
VisualStudioVersion = 17.9.34622.214
MinimumVisualStudioVersion = 10.0.40219.1
Project("{FAE04EC0-301F-11D3-BF4B-00C04F79EFBC}") = "Punto 8", "Punto 8\Punto 8.csproj", "{56AA717D-F4DF-457B-96C9-5E6C089C432C}"
EndProject
Global
	GlobalSection(SolutionConfigurationPlatforms) = preSolution
		Debug|Any CPU = Debug|Any CPU
		Release|Any CPU = Release|Any CPU
	EndGlobalSection
	GlobalSection(ProjectConfigurationPlatforms) = postSolution
		{56AA717D-F4DF-457B-96C9-5E6C089C432C}.Debug|Any CPU.ActiveCfg = Debug|Any CPU
		{56AA717D-F4DF-457B-96C9-5E6C089C432C}.Debug|Any CPU.Build.0 = Debug|Any CPU
		{56AA717D-F4DF-457B-96C9-5E6C089C432C}.Release|Any CPU.ActiveCfg = Release|Any CPU
		{56AA717D-F4DF-457B-96C9-5E6C089C432C}.Release|Any CPU.Build.0 = Release|Any CPU
	EndGlobalSection
	GlobalSection(SolutionProperties) = preSolution
		HideSolutionNode = FALSE
	EndGlobalSection
	GlobalSection(ExtensibilityGlobals) = postSolution
		SolutionGuid = {E58BC6E1-534F-4E19-AD83-6F6D5E9133B6}
	EndGlobalSection
EndGlobal
